{
    "_readme": [
        "This file locks the dependencies of your project to a known state",
        "Read more about it at https://getcomposer.org/doc/01-basic-usage.md#installing-dependencies",
        "This file is @generated automatically"
    ],
    "content-hash": "e22d57da168acf670c48df1d33e78e58",
    "packages": [
        {
            "name": "io-jaegers/security",
            "version": "dev-main",
            "source": {
                "type": "git",
                "url": "https://github.com/IO-Jaegers/Security.git",
                "reference": "5e87380e8fc8afd48915330b090e98a847c2843e"
            },
            "dist": {
                "type": "zip",
                "url": "https://api.github.com/repos/IO-Jaegers/Security/zipball/5e87380e8fc8afd48915330b090e98a847c2843e",
                "reference": "5e87380e8fc8afd48915330b090e98a847c2843e",
                "shasum": ""
            },
            "default-branch": true,
            "type": "library",
            "autoload": {
                "psr-4": {
                    "IoJaegers\\Security\\": "code/"
                }
            },
            "notification-url": "https://packagist.org/downloads/",
            "license": [
                "MIT"
            ],
            "authors": [
                {
                    "name": "Kent Madsen",
                    "email": "kent.vejrup.madsen@designermadsen.dk"
                }
            ],
            "description": "Security tools for php.",
            "support": {
                "issues": "https://github.com/IO-Jaegers/Security/issues",
                "source": "https://github.com/IO-Jaegers/Security/tree/development"
            },
            "time": "2023-01-20T13:34:35+00:00"
        },
        {
            "name": "io-jaegers/utilities",
            "version": "dev-main",
            "source": {
                "type": "git",
                "url": "https://github.com/IO-Jaegers/Utilities.git",
                "reference": "610eef411ad0a9c96e562afa14ce409673f270c8"
            },
            "dist": {
                "type": "zip",
                "url": "https://api.github.com/repos/IO-Jaegers/Utilities/zipball/610eef411ad0a9c96e562afa14ce409673f270c8",
                "reference": "610eef411ad0a9c96e562afa14ce409673f270c8",
                "shasum": ""
            },
            "require": {
                "php": ">=8.1"
            },
            "default-branch": true,
            "type": "library",
            "autoload": {
                "psr-4": {
                    "IoJaegers\\Utilities\\": "code/",
                    "IoJaegers\\Utilities\\URI\\": "code/URI/",
                    "IoJaegers\\Utilities\\Text\\": "code/Text/",
                    "IoJaegers\\Utilities\\Objects\\": "code/Objects/",
                    "IoJaegers\\Utilities\\Commands\\": "code/Headers/",
                    "IoJaegers\\Utilities\\Text\\Operations\\": "code/Text/Operations/",
                    "IoJaegers\\Utilities\\Text\\Operations\\Templates\\": "code/Text/Operations/Templates/"
                }
            },
            "notification-url": "https://packagist.org/downloads/",
            "license": [
                "MIT"
            ],
            "authors": [
                {
                    "name": "Kent Madsen",
                    "email": "kent.vejrup.madsen@designermadsen.dk"
                }
            ],
            "description": "Utility Components to help with web development",
            "support": {
                "issues": "https://github.com/IO-Jaegers/Utilities/issues",
                "source": "https://github.com/IO-Jaegers/Utilities/tree/main"
            },
            "time": "2023-01-18T06:38:00+00:00"
        }
    ],
    "packages-dev": [],
    "aliases": [],
    "minimum-stability": "dev",
    "stability-flags": {
        "io-jaegers/utilities": 20,
        "io-jaegers/security": 20
    },
    "prefer-stable": false,
    "prefer-lowest": false,
    "platform": [],
    "platform-dev": [],
    "plugin-api-version": "2.3.0"
}
